
Microsoft Visual Studio Solution File, Format Version 12.00
# Visual Studio 15
VisualStudioVersion = 15.0.28307.421
MinimumVisualStudioVersion = 10.0.40219.1
Project("{FAE04EC0-301F-11D3-BF4B-00C04F79EFBC}") = "SimpleCalculator", "SimpleCalculator\SimpleCalculator.csproj", "{4BF423DC-B7D6-4DF4-895F-590BE6AA39F0}"
EndProject
Global
	GlobalSection(SolutionConfigurationPlatforms) = preSolution
		Debug|Any CPU = Debug|Any CPU
		Release|Any CPU = Release|Any CPU
	EndGlobalSection
	GlobalSection(ProjectConfigurationPlatforms) = postSolution
		{4BF423DC-B7D6-4DF4-895F-590BE6AA39F0}.Debug|Any CPU.ActiveCfg = Debug|Any CPU
		{4BF423DC-B7D6-4DF4-895F-590BE6AA39F0}.Debug|Any CPU.Build.0 = Debug|Any CPU
		{4BF423DC-B7D6-4DF4-895F-590BE6AA39F0}.Release|Any CPU.ActiveCfg = Release|Any CPU
		{4BF423DC-B7D6-4DF4-895F-590BE6AA39F0}.Release|Any CPU.Build.0 = Release|Any CPU
	EndGlobalSection
	GlobalSection(SolutionProperties) = preSolution
		HideSolutionNode = FALSE
	EndGlobalSection
	GlobalSection(ExtensibilityGlobals) = postSolution
		SolutionGuid = {EFCA3156-C80B-466B-9AA1-567C494DA81C}
	EndGlobalSection
EndGlobal
